
Microsoft Visual Studio Solution File, Format Version 12.00
# Visual Studio 15
VisualStudioVersion = 15.0.26430.14
MinimumVisualStudioVersion = 10.0.40219.1
Project("{FAE04EC0-301F-11D3-BF4B-00C04F79EFBC}") = "Stutton.ScreenService", "Stutton.ScreenService\Stutton.ScreenService.csproj", "{D1D0C996-2316-48E2-A727-A4D97DBA10D9}"
EndProject
Project("{FAE04EC0-301F-11D3-BF4B-00C04F79EFBC}") = "Stutton.ScreenService.TestApp", "Stutton.ScreenService.TestApp\Stutton.ScreenService.TestApp.csproj", "{C3FFFAB3-EE44-476E-BA99-9BEC1BA24B6C}"
EndProject
Global
	GlobalSection(SolutionConfigurationPlatforms) = preSolution
		Debug|Any CPU = Debug|Any CPU
		Release|Any CPU = Release|Any CPU
	EndGlobalSection
	GlobalSection(ProjectConfigurationPlatforms) = postSolution
		{D1D0C996-2316-48E2-A727-A4D97DBA10D9}.Debug|Any CPU.ActiveCfg = Debug|Any CPU
		{D1D0C996-2316-48E2-A727-A4D97DBA10D9}.Debug|Any CPU.Build.0 = Debug|Any CPU
		{D1D0C996-2316-48E2-A727-A4D97DBA10D9}.Release|Any CPU.ActiveCfg = Release|Any CPU
		{D1D0C996-2316-48E2-A727-A4D97DBA10D9}.Release|Any CPU.Build.0 = Release|Any CPU
		{C3FFFAB3-EE44-476E-BA99-9BEC1BA24B6C}.Debug|Any CPU.ActiveCfg = Debug|Any CPU
		{C3FFFAB3-EE44-476E-BA99-9BEC1BA24B6C}.Debug|Any CPU.Build.0 = Debug|Any CPU
		{C3FFFAB3-EE44-476E-BA99-9BEC1BA24B6C}.Release|Any CPU.ActiveCfg = Release|Any CPU
		{C3FFFAB3-EE44-476E-BA99-9BEC1BA24B6C}.Release|Any CPU.Build.0 = Release|Any CPU
	EndGlobalSection
	GlobalSection(SolutionProperties) = preSolution
		HideSolutionNode = FALSE
	EndGlobalSection
EndGlobal
